# This file is automatically @generated by Cargo.
# It is not intended for manual editing.
version = 3

[[package]]
name = "bip39"
version = "1.0.1"
source = "registry+https://github.com/rust-lang/crates.io-index"
checksum = "b9e89470017230c38e52b82b3ee3f530db1856ba1d434e3a67a3456a8a8dec5f"
dependencies = [
 "bitcoin_hashes",
 "rand_core",
 "serde",
 "unicode-normalization",
]

[[package]]
name = "bitcoin_hashes"
version = "0.9.7"
source = "registry+https://github.com/rust-lang/crates.io-index"
checksum = "7ce18265ec2324ad075345d5814fbeed4f41f0a660055dc78840b74d19b874b1"

[[package]]
name = "maybe-uninit"
version = "2.0.0"
source = "registry+https://github.com/rust-lang/crates.io-index"
checksum = "60302e4db3a61da70c0cb7991976248362f30319e88850c487b9b95bbf059e00"

[[package]]
name = "rand_core"
version = "0.4.2"
source = "registry+https://github.com/rust-lang/crates.io-index"
checksum = "9c33a3c44ca05fa6f1807d8e6743f3824e8509beca625669633be0acbdf509dc"

[[package]]
name = "seed-xor"
version = "1.0.0"
dependencies = [
 "bip39",
]

[[package]]
name = "serde"
version = "1.0.128"
source = "registry+https://github.com/rust-lang/crates.io-index"
checksum = "1056a0db1978e9dbf0f6e4fca677f6f9143dc1c19de346f22cac23e422196834"

[[package]]
name = "smallvec"
version = "0.6.14"
source = "registry+https://github.com/rust-lang/crates.io-index"
checksum = "b97fcaeba89edba30f044a10c6a3cc39df9c3f17d7cd829dd1446cab35f890e0"
dependencies = [
 "maybe-uninit",
]

[[package]]
name = "unicode-normalization"
version = "0.1.9"
source = "registry+https://github.com/rust-lang/crates.io-index"
checksum = "09c8070a9942f5e7cfccd93f490fdebd230ee3c3c9f107cb25bad5351ef671cf"
dependencies = [
 "smallvec",
]
